
Microsoft Visual Studio Solution File, Format Version 12.00
# Visual Studio Version 17
VisualStudioVersion = 17.7.34018.315
MinimumVisualStudioVersion = 10.0.40219.1
Project("{8BC9CEB8-8B4A-11D0-8D11-00A0C91BC942}") = "Question2", "Question2.vcxproj", "{4A8C591B-FA1D-42DB-983E-2FB35190C59C}"
EndProject
Global
	GlobalSection(SolutionConfigurationPlatforms) = preSolution
		Debug|x64 = Debug|x64
		Debug|x86 = Debug|x86
		Release|x64 = Release|x64
		Release|x86 = Release|x86
	EndGlobalSection
	GlobalSection(ProjectConfigurationPlatforms) = postSolution
		{4A8C591B-FA1D-42DB-983E-2FB35190C59C}.Debug|x64.ActiveCfg = Debug|x64
		{4A8C591B-FA1D-42DB-983E-2FB35190C59C}.Debug|x64.Build.0 = Debug|x64
		{4A8C591B-FA1D-42DB-983E-2FB35190C59C}.Debug|x86.ActiveCfg = Debug|Win32
		{4A8C591B-FA1D-42DB-983E-2FB35190C59C}.Debug|x86.Build.0 = Debug|Win32
		{4A8C591B-FA1D-42DB-983E-2FB35190C59C}.Release|x64.ActiveCfg = Release|x64
		{4A8C591B-FA1D-42DB-983E-2FB35190C59C}.Release|x64.Build.0 = Release|x64
		{4A8C591B-FA1D-42DB-983E-2FB35190C59C}.Release|x86.ActiveCfg = Release|Win32
		{4A8C591B-FA1D-42DB-983E-2FB35190C59C}.Release|x86.Build.0 = Release|Win32
	EndGlobalSection
	GlobalSection(SolutionProperties) = preSolution
		HideSolutionNode = FALSE
	EndGlobalSection
	GlobalSection(ExtensibilityGlobals) = postSolution
		SolutionGuid = {D5C35F59-EBFC-4F25-B5FE-0B648EEA4773}
	EndGlobalSection
EndGlobal
